
Microsoft Visual Studio Solution File, Format Version 12.00
Project("{FAE04EC0-301F-11D3-BF4B-00C04F79EFBC}") = "API_DB", "API_DB\API_DB.csproj", "{B350E6A7-8E27-479F-A015-290A79D9EFF8}"
EndProject
Global
	GlobalSection(SolutionConfigurationPlatforms) = preSolution
		Debug|Any CPU = Debug|Any CPU
		Release|Any CPU = Release|Any CPU
	EndGlobalSection
	GlobalSection(ProjectConfigurationPlatforms) = postSolution
		{B350E6A7-8E27-479F-A015-290A79D9EFF8}.Debug|Any CPU.ActiveCfg = Debug|Any CPU
		{B350E6A7-8E27-479F-A015-290A79D9EFF8}.Debug|Any CPU.Build.0 = Debug|Any CPU
		{B350E6A7-8E27-479F-A015-290A79D9EFF8}.Release|Any CPU.ActiveCfg = Release|Any CPU
		{B350E6A7-8E27-479F-A015-290A79D9EFF8}.Release|Any CPU.Build.0 = Release|Any CPU
	EndGlobalSection
EndGlobal
